
Microsoft Visual Studio Solution File, Format Version 12.00
# Visual Studio 15
VisualStudioVersion = 15.0.28307.168
MinimumVisualStudioVersion = 10.0.40219.1
Project("{FAE04EC0-301F-11D3-BF4B-00C04F79EFBC}") = "Life", "Life\Life.csproj", "{59AEA528-C2C6-4F92-8AE5-C62A1A58D28F}"
EndProject
Project("{FAE04EC0-301F-11D3-BF4B-00C04F79EFBC}") = "UnitTests", "UnitTests\UnitTests.csproj", "{2B41EDCD-87CD-4CE9-BB0F-34798F7D9F52}"
EndProject
Global
	GlobalSection(SolutionConfigurationPlatforms) = preSolution
		Debug|Any CPU = Debug|Any CPU
		Release|Any CPU = Release|Any CPU
	EndGlobalSection
	GlobalSection(ProjectConfigurationPlatforms) = postSolution
		{59AEA528-C2C6-4F92-8AE5-C62A1A58D28F}.Debug|Any CPU.ActiveCfg = Debug|Any CPU
		{59AEA528-C2C6-4F92-8AE5-C62A1A58D28F}.Debug|Any CPU.Build.0 = Debug|Any CPU
		{59AEA528-C2C6-4F92-8AE5-C62A1A58D28F}.Release|Any CPU.ActiveCfg = Release|Any CPU
		{59AEA528-C2C6-4F92-8AE5-C62A1A58D28F}.Release|Any CPU.Build.0 = Release|Any CPU
		{2B41EDCD-87CD-4CE9-BB0F-34798F7D9F52}.Debug|Any CPU.ActiveCfg = Debug|Any CPU
		{2B41EDCD-87CD-4CE9-BB0F-34798F7D9F52}.Debug|Any CPU.Build.0 = Debug|Any CPU
		{2B41EDCD-87CD-4CE9-BB0F-34798F7D9F52}.Release|Any CPU.ActiveCfg = Release|Any CPU
		{2B41EDCD-87CD-4CE9-BB0F-34798F7D9F52}.Release|Any CPU.Build.0 = Release|Any CPU
	EndGlobalSection
	GlobalSection(SolutionProperties) = preSolution
		HideSolutionNode = FALSE
	EndGlobalSection
	GlobalSection(ExtensibilityGlobals) = postSolution
		SolutionGuid = {2F7FD439-A046-4DAD-A42C-180FECEABB92}
	EndGlobalSection
EndGlobal
